{
    "egulias/email-validator": {
        "version": "2.1.4"
    },
    "friendsofsymfony/user-bundle": {
        "version": "v2.1.2"
    },
    "paragonie/random_compat": {
        "version": "v2.0.15"
    },
    "swiftmailer/swiftmailer": {
        "version": "v6.0.2"
    },
    "symfony/form": {
        "version": "v4.1.0"
    },
    "symfony/intl": {
        "version": "v4.1.0"
    },
    "symfony/options-resolver": {
        "version": "v4.1.0"
    },
    "symfony/polyfill-intl-icu": {
        "version": "v1.8.0"
    },
    "symfony/swiftmailer-bundle": {
        "version": "2.5",
        "recipe": {
            "repo": "github.com/symfony/recipes",
            "branch": "master",
            "version": "2.5",
            "ref": "3db029c03e452b4a23f7fc45cec7c922c2247eb8"
        }
    },
    "symfony/templating": {
        "version": "v4.1.0"
    }
}
